
Microsoft Visual Studio Solution File, Format Version 12.00
# Visual Studio Version 16
VisualStudioVersion = 16.0.31321.278
MinimumVisualStudioVersion = 10.0.40219.1
Project("{FAE04EC0-301F-11D3-BF4B-00C04F79EFBC}") = "Leapyear", "Leapyear\Leapyear.csproj", "{5072507D-ACC3-4C0F-A581-35090223E8C3}"
EndProject
Global
	GlobalSection(SolutionConfigurationPlatforms) = preSolution
		Debug|Any CPU = Debug|Any CPU
		Release|Any CPU = Release|Any CPU
	EndGlobalSection
	GlobalSection(ProjectConfigurationPlatforms) = postSolution
		{5072507D-ACC3-4C0F-A581-35090223E8C3}.Debug|Any CPU.ActiveCfg = Debug|Any CPU
		{5072507D-ACC3-4C0F-A581-35090223E8C3}.Debug|Any CPU.Build.0 = Debug|Any CPU
		{5072507D-ACC3-4C0F-A581-35090223E8C3}.Release|Any CPU.ActiveCfg = Release|Any CPU
		{5072507D-ACC3-4C0F-A581-35090223E8C3}.Release|Any CPU.Build.0 = Release|Any CPU
	EndGlobalSection
	GlobalSection(SolutionProperties) = preSolution
		HideSolutionNode = FALSE
	EndGlobalSection
	GlobalSection(ExtensibilityGlobals) = postSolution
		SolutionGuid = {24BA2D03-4516-4316-A007-5D3F0A17E8A1}
	EndGlobalSection
EndGlobal
